
Microsoft Visual Studio Solution File, Format Version 12.00
# Visual Studio Version 16
VisualStudioVersion = 16.0.31321.278
MinimumVisualStudioVersion = 10.0.40219.1
Project("{FAE04EC0-301F-11D3-BF4B-00C04F79EFBC}") = "VendingMachine", "VendingMachine.csproj", "{68C55EBE-0BA8-437D-8AD1-758E64348FA1}"
EndProject
Global
	GlobalSection(SolutionConfigurationPlatforms) = preSolution
		Debug|Any CPU = Debug|Any CPU
		Release|Any CPU = Release|Any CPU
	EndGlobalSection
	GlobalSection(ProjectConfigurationPlatforms) = postSolution
		{68C55EBE-0BA8-437D-8AD1-758E64348FA1}.Debug|Any CPU.ActiveCfg = Debug|Any CPU
		{68C55EBE-0BA8-437D-8AD1-758E64348FA1}.Debug|Any CPU.Build.0 = Debug|Any CPU
		{68C55EBE-0BA8-437D-8AD1-758E64348FA1}.Release|Any CPU.ActiveCfg = Release|Any CPU
		{68C55EBE-0BA8-437D-8AD1-758E64348FA1}.Release|Any CPU.Build.0 = Release|Any CPU
	EndGlobalSection
	GlobalSection(SolutionProperties) = preSolution
		HideSolutionNode = FALSE
	EndGlobalSection
	GlobalSection(ExtensibilityGlobals) = postSolution
		SolutionGuid = {B5310C46-BD16-4F7B-B433-D21A6411C854}
	EndGlobalSection
EndGlobal
